
Microsoft Visual Studio Solution File, Format Version 12.00
# Visual Studio 2017
Project("{FAE04EC0-301F-11D3-BF4B-00C04F79EFBC}") = "OutlineSelect", "OutlineSelect.csproj", "{A45B6B6A-8E92-0FD9-EF4C-FA729C5DDC31}"
EndProject
Project("{FAE04EC0-301F-11D3-BF4B-00C04F79EFBC}") = "OutlineSelect.Editor", "OutlineSelect.Editor.csproj", "{26DAF25B-6C44-897A-103D-C17F1F502E14}"
EndProject
Global
	GlobalSection(SolutionConfigurationPlatforms) = preSolution
		Debug|Any CPU = Debug|Any CPU
		Release|Any CPU = Release|Any CPU
	EndGlobalSection
	GlobalSection(ProjectConfigurationPlatforms) = postSolution
		{A45B6B6A-8E92-0FD9-EF4C-FA729C5DDC31}.Debug|Any CPU.ActiveCfg = Debug|Any CPU
		{A45B6B6A-8E92-0FD9-EF4C-FA729C5DDC31}.Debug|Any CPU.Build.0 = Debug|Any CPU
		{A45B6B6A-8E92-0FD9-EF4C-FA729C5DDC31}.Release|Any CPU.ActiveCfg = Release|Any CPU
		{A45B6B6A-8E92-0FD9-EF4C-FA729C5DDC31}.Release|Any CPU.Build.0 = Release|Any CPU
		{26DAF25B-6C44-897A-103D-C17F1F502E14}.Debug|Any CPU.ActiveCfg = Debug|Any CPU
		{26DAF25B-6C44-897A-103D-C17F1F502E14}.Debug|Any CPU.Build.0 = Debug|Any CPU
		{26DAF25B-6C44-897A-103D-C17F1F502E14}.Release|Any CPU.ActiveCfg = Release|Any CPU
		{26DAF25B-6C44-897A-103D-C17F1F502E14}.Release|Any CPU.Build.0 = Release|Any CPU
	EndGlobalSection
	GlobalSection(SolutionProperties) = preSolution
		HideSolutionNode = FALSE
	EndGlobalSection
EndGlobal
